
Microsoft Visual Studio Solution File, Format Version 12.00
# Visual Studio Version 16
VisualStudioVersion = 16.0.30002.166
MinimumVisualStudioVersion = 10.0.40219.1
Project("{FAE04EC0-301F-11D3-BF4B-00C04F79EFBC}") = "Producer", "Producer\Producer.csproj", "{CF851E30-A683-4EC3-A73D-C0243DA35604}"
EndProject
Project("{FAE04EC0-301F-11D3-BF4B-00C04F79EFBC}") = "Consumer", "Consumer\Consumer.csproj", "{C9AFF3D3-10BB-43BC-A999-9D4F7C0DBFD9}"
EndProject
Global
	GlobalSection(SolutionConfigurationPlatforms) = preSolution
		Debug|Any CPU = Debug|Any CPU
		Release|Any CPU = Release|Any CPU
	EndGlobalSection
	GlobalSection(ProjectConfigurationPlatforms) = postSolution
		{CF851E30-A683-4EC3-A73D-C0243DA35604}.Debug|Any CPU.ActiveCfg = Debug|Any CPU
		{CF851E30-A683-4EC3-A73D-C0243DA35604}.Debug|Any CPU.Build.0 = Debug|Any CPU
		{CF851E30-A683-4EC3-A73D-C0243DA35604}.Release|Any CPU.ActiveCfg = Release|Any CPU
		{CF851E30-A683-4EC3-A73D-C0243DA35604}.Release|Any CPU.Build.0 = Release|Any CPU
		{C9AFF3D3-10BB-43BC-A999-9D4F7C0DBFD9}.Debug|Any CPU.ActiveCfg = Debug|Any CPU
		{C9AFF3D3-10BB-43BC-A999-9D4F7C0DBFD9}.Debug|Any CPU.Build.0 = Debug|Any CPU
		{C9AFF3D3-10BB-43BC-A999-9D4F7C0DBFD9}.Release|Any CPU.ActiveCfg = Release|Any CPU
		{C9AFF3D3-10BB-43BC-A999-9D4F7C0DBFD9}.Release|Any CPU.Build.0 = Release|Any CPU
	EndGlobalSection
	GlobalSection(SolutionProperties) = preSolution
		HideSolutionNode = FALSE
	EndGlobalSection
	GlobalSection(ExtensibilityGlobals) = postSolution
		SolutionGuid = {D0EBAD8F-E11B-4953-98A1-96FBB6329A2E}
	EndGlobalSection
EndGlobal
